
Microsoft Visual Studio Solution File, Format Version 12.00
# Visual Studio Version 16
VisualStudioVersion = 16.0.30907.101
MinimumVisualStudioVersion = 10.0.40219.1
Project("{FAE04EC0-301F-11D3-BF4B-00C04F79EFBC}") = "Assignment_1", "Assignment_1.csproj", "{12773FF2-65D6-40B2-A5F1-9113347E50CC}"
EndProject
Global
	GlobalSection(SolutionConfigurationPlatforms) = preSolution
		Debug|Any CPU = Debug|Any CPU
		Release|Any CPU = Release|Any CPU
	EndGlobalSection
	GlobalSection(ProjectConfigurationPlatforms) = postSolution
		{12773FF2-65D6-40B2-A5F1-9113347E50CC}.Debug|Any CPU.ActiveCfg = Debug|Any CPU
		{12773FF2-65D6-40B2-A5F1-9113347E50CC}.Debug|Any CPU.Build.0 = Debug|Any CPU
		{12773FF2-65D6-40B2-A5F1-9113347E50CC}.Release|Any CPU.ActiveCfg = Release|Any CPU
		{12773FF2-65D6-40B2-A5F1-9113347E50CC}.Release|Any CPU.Build.0 = Release|Any CPU
	EndGlobalSection
	GlobalSection(SolutionProperties) = preSolution
		HideSolutionNode = FALSE
	EndGlobalSection
	GlobalSection(ExtensibilityGlobals) = postSolution
		SolutionGuid = {6402E67D-812F-4E53-9E83-C9DDA89AD167}
	EndGlobalSection
EndGlobal
